
Microsoft Visual Studio Solution File, Format Version 12.00
# Visual Studio 15
VisualStudioVersion = 15.0.27428.2002
MinimumVisualStudioVersion = 10.0.40219.1
Project("{8BC9CEB8-8B4A-11D0-8D11-00A0C91BC942}") = "GraphAnalysis", "GraphAnalysis\GraphAnalysis.vcxproj", "{B8ED8C4F-8AC0-43DF-ABFB-2AB0A90C2465}"
EndProject
Project("{8BC9CEB8-8B4A-11D0-8D11-00A0C91BC942}") = "GraphUniteTest", "GraphUniteTest\GraphUniteTest.vcxproj", "{84472BAE-E4E0-46AF-BBFA-ED0426CF8A26}"
EndProject
Project("{8BC9CEB8-8B4A-11D0-8D11-00A0C91BC942}") = "Test", "Test\Test.vcxproj", "{CC8AB28E-175A-45FB-A956-2BE881AEE63E}"
EndProject
Global
	GlobalSection(SolutionConfigurationPlatforms) = preSolution
		Debug|x64 = Debug|x64
		Debug|x86 = Debug|x86
		Release|x64 = Release|x64
		Release|x86 = Release|x86
	EndGlobalSection
	GlobalSection(ProjectConfigurationPlatforms) = postSolution
		{B8ED8C4F-8AC0-43DF-ABFB-2AB0A90C2465}.Debug|x64.ActiveCfg = Debug|x64
		{B8ED8C4F-8AC0-43DF-ABFB-2AB0A90C2465}.Debug|x64.Build.0 = Debug|x64
		{B8ED8C4F-8AC0-43DF-ABFB-2AB0A90C2465}.Debug|x86.ActiveCfg = Debug|Win32
		{B8ED8C4F-8AC0-43DF-ABFB-2AB0A90C2465}.Debug|x86.Build.0 = Debug|Win32
		{B8ED8C4F-8AC0-43DF-ABFB-2AB0A90C2465}.Release|x64.ActiveCfg = Release|x64
		{B8ED8C4F-8AC0-43DF-ABFB-2AB0A90C2465}.Release|x64.Build.0 = Release|x64
		{B8ED8C4F-8AC0-43DF-ABFB-2AB0A90C2465}.Release|x86.ActiveCfg = Release|Win32
		{B8ED8C4F-8AC0-43DF-ABFB-2AB0A90C2465}.Release|x86.Build.0 = Release|Win32
		{84472BAE-E4E0-46AF-BBFA-ED0426CF8A26}.Debug|x64.ActiveCfg = Debug|x64
		{84472BAE-E4E0-46AF-BBFA-ED0426CF8A26}.Debug|x64.Build.0 = Debug|x64
		{84472BAE-E4E0-46AF-BBFA-ED0426CF8A26}.Debug|x86.ActiveCfg = Debug|Win32
		{84472BAE-E4E0-46AF-BBFA-ED0426CF8A26}.Debug|x86.Build.0 = Debug|Win32
		{84472BAE-E4E0-46AF-BBFA-ED0426CF8A26}.Release|x64.ActiveCfg = Release|x64
		{84472BAE-E4E0-46AF-BBFA-ED0426CF8A26}.Release|x64.Build.0 = Release|x64
		{84472BAE-E4E0-46AF-BBFA-ED0426CF8A26}.Release|x86.ActiveCfg = Release|Win32
		{84472BAE-E4E0-46AF-BBFA-ED0426CF8A26}.Release|x86.Build.0 = Release|Win32
		{CC8AB28E-175A-45FB-A956-2BE881AEE63E}.Debug|x64.ActiveCfg = Debug|x64
		{CC8AB28E-175A-45FB-A956-2BE881AEE63E}.Debug|x64.Build.0 = Debug|x64
		{CC8AB28E-175A-45FB-A956-2BE881AEE63E}.Debug|x86.ActiveCfg = Debug|Win32
		{CC8AB28E-175A-45FB-A956-2BE881AEE63E}.Debug|x86.Build.0 = Debug|Win32
		{CC8AB28E-175A-45FB-A956-2BE881AEE63E}.Release|x64.ActiveCfg = Release|x64
		{CC8AB28E-175A-45FB-A956-2BE881AEE63E}.Release|x64.Build.0 = Release|x64
		{CC8AB28E-175A-45FB-A956-2BE881AEE63E}.Release|x86.ActiveCfg = Release|Win32
		{CC8AB28E-175A-45FB-A956-2BE881AEE63E}.Release|x86.Build.0 = Release|Win32
	EndGlobalSection
	GlobalSection(SolutionProperties) = preSolution
		HideSolutionNode = FALSE
	EndGlobalSection
	GlobalSection(ExtensibilityGlobals) = postSolution
		SolutionGuid = {E02AE637-AAB7-4D42-BED2-FF466DD84372}
	EndGlobalSection
EndGlobal
